// !$*UTF8*$!
{
	archiveVersion = 1;
	classes = {
	};
	objectVersion = 51;
	objects = {

/* Begin PBXBuildFile section */
		C90F5EB522D94D6B1A00D6A6 /* Pods_HeartRateWithBluetooth.framework in Frameworks */ = {isa = PBXBuildFile; fileRef = 148645D0888691112D89C7F4 /* Pods_HeartRateWithBluetooth.framework */; };
		D58392C926260E1C000015FF /* HistoryViewController.swift in Sources */ = {isa = PBXBuildFile; fileRef = D58392C826260E1C000015FF /* HistoryViewController.swift */; };
		D58392CC26261455000015FF /* TableViewCell.swift in Sources */ = {isa = PBXBuildFile; fileRef = D58392CB26261455000015FF /* TableViewCell.swift */; };
		D58392F0262ADB74000015FF /* TrainModel.swift in Sources */ = {isa = PBXBuildFile; fileRef = D58392EF262ADB74000015FF /* TrainModel.swift */; };
		D58392F3262ADE52000015FF /* StorageManager.swift in Sources */ = {isa = PBXBuildFile; fileRef = D58392F2262ADE52000015FF /* StorageManager.swift */; };
		D58392FC262C3864000015FF /* ShowTrainViewController.swift in Sources */ = {isa = PBXBuildFile; fileRef = D58392FB262C3864000015FF /* ShowTrainViewController.swift */; };
		D5A4D5CD260B91EE00C7F847 /* AppDelegate.swift in Sources */ = {isa = PBXBuildFile; fileRef = D5A4D5CC260B91EE00C7F847 /* AppDelegate.swift */; };
		D5A4D5CF260B91EE00C7F847 /* SceneDelegate.swift in Sources */ = {isa = PBXBuildFile; fileRef = D5A4D5CE260B91EE00C7F847 /* SceneDelegate.swift */; };
		D5A4D5D1260B91EE00C7F847 /* TrainViewController.swift in Sources */ = {isa = PBXBuildFile; fileRef = D5A4D5D0260B91EE00C7F847 /* TrainViewController.swift */; };
		D5A4D5D4260B91EE00C7F847 /* Main.storyboard in Resources */ = {isa = PBXBuildFile; fileRef = D5A4D5D2260B91EE00C7F847 /* Main.storyboard */; };
		D5A4D5D9260B91F100C7F847 /* LaunchScreen.storyboard in Resources */ = {isa = PBXBuildFile; fileRef = D5A4D5D7260B91F100C7F847 /* LaunchScreen.storyboard */; };
		D5A4D5E2260B947900C7F847 /* Assets.xcassets in Resources */ = {isa = PBXBuildFile; fileRef = D5A4D5E1260B947900C7F847 /* Assets.xcassets */; };
/* End PBXBuildFile section */

/* Begin PBXFileReference section */
		148645D0888691112D89C7F4 /* Pods_HeartRateWithBluetooth.framework */ = {isa = PBXFileReference; explicitFileType = wrapper.framework; includeInIndex = 0; path = Pods_HeartRateWithBluetooth.framework; sourceTree = BUILT_PRODUCTS_DIR; };
		80149B8A759B5B9938C2A747 /* Pods-HeartRateWithBluetooth.release.xcconfig */ = {isa = PBXFileReference; includeInIndex = 1; lastKnownFileType = text.xcconfig; name = "Pods-HeartRateWithBluetooth.release.xcconfig"; path = "Target Support Files/Pods-HeartRateWithBluetooth/Pods-HeartRateWithBluetooth.release.xcconfig"; sourceTree = "<group>"; };
		D58392C826260E1C000015FF /* HistoryViewController.swift */ = {isa = PBXFileReference; lastKnownFileType = sourcecode.swift; path = HistoryViewController.swift; sourceTree = "<group>"; };
		D58392CB26261455000015FF /* TableViewCell.swift */ = {isa = PBXFileReference; lastKnownFileType = sourcecode.swift; path = TableViewCell.swift; sourceTree = "<group>"; };
		D58392EF262ADB74000015FF /* TrainModel.swift */ = {isa = PBXFileReference; lastKnownFileType = sourcecode.swift; path = TrainModel.swift; sourceTree = "<group>"; };
		D58392F2262ADE52000015FF /* StorageManager.swift */ = {isa = PBXFileReference; lastKnownFileType = sourcecode.swift; path = StorageManager.swift; sourceTree = "<group>"; };
		D58392FB262C3864000015FF /* ShowTrainViewController.swift */ = {isa = PBXFileReference; lastKnownFileType = sourcecode.swift; path = ShowTrainViewController.swift; sourceTree = "<group>"; };
		D5A4D5C9260B91EE00C7F847 /* HeartRateWithBluetooth.app */ = {isa = PBXFileReference; explicitFileType = wrapper.application; includeInIndex = 0; path = HeartRateWithBluetooth.app; sourceTree = BUILT_PRODUCTS_DIR; };
		D5A4D5CC260B91EE00C7F847 /* AppDelegate.swift */ = {isa = PBXFileReference; lastKnownFileType = sourcecode.swift; path = AppDelegate.swift; sourceTree = "<group>"; };
		D5A4D5CE260B91EE00C7F847 /* SceneDelegate.swift */ = {isa = PBXFileReference; lastKnownFileType = sourcecode.swift; path = SceneDelegate.swift; sourceTree = "<group>"; };
		D5A4D5D0260B91EE00C7F847 /* TrainViewController.swift */ = {isa = PBXFileReference; lastKnownFileType = sourcecode.swift; path = TrainViewController.swift; sourceTree = "<group>"; };
		D5A4D5D3260B91EE00C7F847 /* Base */ = {isa = PBXFileReference; lastKnownFileType = file.storyboard; name = Base; path = Base.lproj/Main.storyboard; sourceTree = "<group>"; };
		D5A4D5D8260B91F100C7F847 /* Base */ = {isa = PBXFileReference; lastKnownFileType = file.storyboard; name = Base; path = Base.lproj/LaunchScreen.storyboard; sourceTree = "<group>"; };
		D5A4D5DA260B91F100C7F847 /* Info.plist */ = {isa = PBXFileReference; lastKnownFileType = text.plist.xml; path = Info.plist; sourceTree = "<group>"; };
		D5A4D5E1260B947900C7F847 /* Assets.xcassets */ = {isa = PBXFileReference; lastKnownFileType = folder.assetcatalog; path = Assets.xcassets; sourceTree = "<group>"; };
		E8A3902191C687AA15AB20CC /* Pods-HeartRateWithBluetooth.debug.xcconfig */ = {isa = PBXFileReference; includeInIndex = 1; lastKnownFileType = text.xcconfig; name = "Pods-HeartRateWithBluetooth.debug.xcconfig"; path = "Target Support Files/Pods-HeartRateWithBluetooth/Pods-HeartRateWithBluetooth.debug.xcconfig"; sourceTree = "<group>"; };
/* End PBXFileReference section */

/* Begin PBXFrameworksBuildPhase section */
		D5A4D5C6260B91EE00C7F847 /* Frameworks */ = {
			isa = PBXFrameworksBuildPhase;
			buildActionMask = 2147483647;
			files = (
				C90F5EB522D94D6B1A00D6A6 /* Pods_HeartRateWithBluetooth.framework in Frameworks */,
			);
			runOnlyForDeploymentPostprocessing = 0;
		};
/* End PBXFrameworksBuildPhase section */

/* Begin PBXGroup section */
		1323E0BB5AF851E6DE9ABA4B /* Frameworks */ = {
			isa = PBXGroup;
			children = (
				148645D0888691112D89C7F4 /* Pods_HeartRateWithBluetooth.framework */,
			);
			name = Frameworks;
			sourceTree = "<group>";
		};
		7A1998D4936573DF8064C18A /* Pods */ = {
			isa = PBXGroup;
			children = (
				E8A3902191C687AA15AB20CC /* Pods-HeartRateWithBluetooth.debug.xcconfig */,
				80149B8A759B5B9938C2A747 /* Pods-HeartRateWithBluetooth.release.xcconfig */,
			);
			path = Pods;
			sourceTree = "<group>";
		};
		D5A4D5C0260B91ED00C7F847 = {
			isa = PBXGroup;
			children = (
				D5A4D5CB260B91EE00C7F847 /* HeartRateWithBluetooth */,
				D5A4D5CA260B91EE00C7F847 /* Products */,
				7A1998D4936573DF8064C18A /* Pods */,
				1323E0BB5AF851E6DE9ABA4B /* Frameworks */,
			);
			sourceTree = "<group>";
		};
		D5A4D5CA260B91EE00C7F847 /* Products */ = {
			isa = PBXGroup;
			children = (
				D5A4D5C9260B91EE00C7F847 /* HeartRateWithBluetooth.app */,
			);
			name = Products;
			sourceTree = "<group>";
		};
		D5A4D5CB260B91EE00C7F847 /* HeartRateWithBluetooth */ = {
			isa = PBXGroup;
			children = (
				D5A4D5CC260B91EE00C7F847 /* AppDelegate.swift */,
				D5A4D5CE260B91EE00C7F847 /* SceneDelegate.swift */,
				D5A4D5D0260B91EE00C7F847 /* TrainViewController.swift */,
				D5A4D5D2260B91EE00C7F847 /* Main.storyboard */,
				D58392C826260E1C000015FF /* HistoryViewController.swift */,
				D5A4D5D7260B91F100C7F847 /* LaunchScreen.storyboard */,
				D5A4D5E1260B947900C7F847 /* Assets.xcassets */,
				D5A4D5DA260B91F100C7F847 /* Info.plist */,
				D58392CB26261455000015FF /* TableViewCell.swift */,
				D58392FB262C3864000015FF /* ShowTrainViewController.swift */,
				D58392EF262ADB74000015FF /* TrainModel.swift */,
				D58392F2262ADE52000015FF /* StorageManager.swift */,
			);
			path = HeartRateWithBluetooth;
			sourceTree = "<group>";
		};
/* End PBXGroup section */

/* Begin PBXNativeTarget section */
		D5A4D5C8260B91EE00C7F847 /* HeartRateWithBluetooth */ = {
			isa = PBXNativeTarget;
			buildConfigurationList = D5A4D5DD260B91F100C7F847 /* Build configuration list for PBXNativeTarget "HeartRateWithBluetooth" */;
			buildPhases = (
				E9587D41DB0E5B2FB6A8139A /* [CP] Check Pods Manifest.lock */,
				D5A4D5C5260B91EE00C7F847 /* Sources */,
				D5A4D5C6260B91EE00C7F847 /* Frameworks */,
				D5A4D5C7260B91EE00C7F847 /* Resources */,
				E05B68A25ED60E9A22A2FC69 /* [CP] Embed Pods Frameworks */,
			);
			buildRules = (
			);
			dependencies = (
			);
			name = HeartRateWithBluetooth;
			productName = animation;
			productReference = D5A4D5C9260B91EE00C7F847 /* HeartRateWithBluetooth.app */;
			productType = "com.apple.product-type.application";
		};
/* End PBXNativeTarget section */

/* Begin PBXProject section */
		D5A4D5C1260B91ED00C7F847 /* Project object */ = {
			isa = PBXProject;
			attributes = {
				LastSwiftUpdateCheck = 1240;
				LastUpgradeCheck = 1240;
				TargetAttributes = {
					D5A4D5C8260B91EE00C7F847 = {
						CreatedOnToolsVersion = 12.4;
					};
				};
			};
			buildConfigurationList = D5A4D5C4260B91ED00C7F847 /* Build configuration list for PBXProject "HeartRateWithBluetooth" */;
			compatibilityVersion = "Xcode 9.3";
			developmentRegion = en;
			hasScannedForEncodings = 0;
			knownRegions = (
				en,
				Base,
			);
			mainGroup = D5A4D5C0260B91ED00C7F847;
			productRefGroup = D5A4D5CA260B91EE00C7F847 /* Products */;
			projectDirPath = "";
			projectRoot = "";
			targets = (
				D5A4D5C8260B91EE00C7F847 /* HeartRateWithBluetooth */,
			);
		};
/* End PBXProject section */

/* Begin PBXResourcesBuildPhase section */
		D5A4D5C7260B91EE00C7F847 /* Resources */ = {
			isa = PBXResourcesBuildPhase;
			buildActionMask = 2147483647;
			files = (
				D5A4D5D9260B91F100C7F847 /* LaunchScreen.storyboard in Resources */,
				D5A4D5E2260B947900C7F847 /* Assets.xcassets in Resources */,
				D5A4D5D4260B91EE00C7F847 /* Main.storyboard in Resources */,
			);
			runOnlyForDeploymentPostprocessing = 0;
		};
/* End PBXResourcesBuildPhase section */

/* Begin PBXShellScriptBuildPhase section */
		E05B68A25ED60E9A22A2FC69 /* [CP] Embed Pods Frameworks */ = {
			isa = PBXShellScriptBuildPhase;
			buildActionMask = 2147483647;
			files = (
			);
			inputFileListPaths = (
				"${PODS_ROOT}/Target Support Files/Pods-HeartRateWithBluetooth/Pods-HeartRateWithBluetooth-frameworks-${CONFIGURATION}-input-files.xcfilelist",
			);
			name = "[CP] Embed Pods Frameworks";
			outputFileListPaths = (
				"${PODS_ROOT}/Target Support Files/Pods-HeartRateWithBluetooth/Pods-HeartRateWithBluetooth-frameworks-${CONFIGURATION}-output-files.xcfilelist",
			);
			runOnlyForDeploymentPostprocessing = 0;
			shellPath = /bin/sh;
			shellScript = "\"${PODS_ROOT}/Target Support Files/Pods-HeartRateWithBluetooth/Pods-HeartRateWithBluetooth-frameworks.sh\"\n";
			showEnvVarsInLog = 0;
		};
		E9587D41DB0E5B2FB6A8139A /* [CP] Check Pods Manifest.lock */ = {
			isa = PBXShellScriptBuildPhase;
			buildActionMask = 2147483647;
			files = (
			);
			inputFileListPaths = (
			);
			inputPaths = (
				"${PODS_PODFILE_DIR_PATH}/Podfile.lock",
				"${PODS_ROOT}/Manifest.lock",
			);
			name = "[CP] Check Pods Manifest.lock";
			outputFileListPaths = (
			);
			outputPaths = (
				"$(DERIVED_FILE_DIR)/Pods-HeartRateWithBluetooth-checkManifestLockResult.txt",
			);
			runOnlyForDeploymentPostprocessing = 0;
			shellPath = /bin/sh;
			shellScript = "diff \"${PODS_PODFILE_DIR_PATH}/Podfile.lock\" \"${PODS_ROOT}/Manifest.lock\" > /dev/null\nif [ $? != 0 ] ; then\n    # print error to STDERR\n    echo \"error: The sandbox is not in sync with the Podfile.lock. Run 'pod install' or update your CocoaPods installation.\" >&2\n    exit 1\nfi\n# This output is used by Xcode 'outputs' to avoid re-running this script phase.\necho \"SUCCESS\" > \"${SCRIPT_OUTPUT_FILE_0}\"\n";
			showEnvVarsInLog = 0;
		};
/* End PBXShellScriptBuildPhase section */

/* Begin PBXSourcesBuildPhase section */
		D5A4D5C5260B91EE00C7F847 /* Sources */ = {
			isa = PBXSourcesBuildPhase;
			buildActionMask = 2147483647;
			files = (
				D58392CC26261455000015FF /* TableViewCell.swift in Sources */,
				D5A4D5D1260B91EE00C7F847 /* TrainViewController.swift in Sources */,
				D58392F0262ADB74000015FF /* TrainModel.swift in Sources */,
				D58392F3262ADE52000015FF /* StorageManager.swift in Sources */,
				D5A4D5CD260B91EE00C7F847 /* AppDelegate.swift in Sources */,
				D5A4D5CF260B91EE00C7F847 /* SceneDelegate.swift in Sources */,
				D58392FC262C3864000015FF /* ShowTrainViewController.swift in Sources */,
				D58392C926260E1C000015FF /* HistoryViewController.swift in Sources */,
			);
			runOnlyForDeploymentPostprocessing = 0;
		};
/* End PBXSourcesBuildPhase section */

/* Begin PBXVariantGroup section */
		D5A4D5D2260B91EE00C7F847 /* Main.storyboard */ = {
			isa = PBXVariantGroup;
			children = (
				D5A4D5D3260B91EE00C7F847 /* Base */,
			);
			name = Main.storyboard;
			sourceTree = "<group>";
		};
		D5A4D5D7260B91F100C7F847 /* LaunchScreen.storyboard */ = {
			isa = PBXVariantGroup;
			children = (
				D5A4D5D8260B91F100C7F847 /* Base */,
			);
			name = LaunchScreen.storyboard;
			sourceTree = "<group>";
		};
/* End PBXVariantGroup section */

/* Begin XCBuildConfiguration section */
		D5A4D5DB260B91F100C7F847 /* Debug */ = {
			isa = XCBuildConfiguration;
			buildSettings = {
				ALWAYS_SEARCH_USER_PATHS = NO;
				CLANG_ANALYZER_NONNULL = YES;
				CLANG_ANALYZER_NUMBER_OBJECT_CONVERSION = YES_AGGRESSIVE;
				CLANG_CXX_LANGUAGE_STANDARD = "gnu++14";
				CLANG_CXX_LIBRARY = "libc++";
				CLANG_ENABLE_MODULES = YES;
				CLANG_ENABLE_OBJC_ARC = YES;
				CLANG_ENABLE_OBJC_WEAK = YES;
				CLANG_WARN_BLOCK_CAPTURE_AUTORELEASING = YES;
				CLANG_WARN_BOOL_CONVERSION = YES;
				CLANG_WARN_COMMA = YES;
				CLANG_WARN_CONSTANT_CONVERSION = YES;
				CLANG_WARN_DEPRECATED_OBJC_IMPLEMENTATIONS = YES;
				CLANG_WARN_DIRECT_OBJC_ISA_USAGE = YES_ERROR;
				CLANG_WARN_DOCUMENTATION_COMMENTS = YES;
				CLANG_WARN_EMPTY_BODY = YES;
				CLANG_WARN_ENUM_CONVERSION = YES;
				CLANG_WARN_INFINITE_RECURSION = YES;
				CLANG_WARN_INT_CONVERSION = YES;
				CLANG_WARN_NON_LITERAL_NULL_CONVERSION = YES;
				CLANG_WARN_OBJC_IMPLICIT_RETAIN_SELF = YES;
				CLANG_WARN_OBJC_LITERAL_CONVERSION = YES;
				CLANG_WARN_OBJC_ROOT_CLASS = YES_ERROR;
				CLANG_WARN_QUOTED_INCLUDE_IN_FRAMEWORK_HEADER = YES;
				CLANG_WARN_RANGE_LOOP_ANALYSIS = YES;
				CLANG_WARN_STRICT_PROTOTYPES = YES;
				CLANG_WARN_SUSPICIOUS_MOVE = YES;
				CLANG_WARN_UNGUARDED_AVAILABILITY = YES_AGGRESSIVE;
				CLANG_WARN_UNREACHABLE_CODE = YES;
				CLANG_WARN__DUPLICATE_METHOD_MATCH = YES;
				COPY_PHASE_STRIP = NO;
				DEBUG_INFORMATION_FORMAT = dwarf;
				ENABLE_STRICT_OBJC_MSGSEND = YES;
				ENABLE_TESTABILITY = YES;
				GCC_C_LANGUAGE_STANDARD = gnu11;
				GCC_DYNAMIC_NO_PIC = NO;
				GCC_NO_COMMON_BLOCKS = YES;
				GCC_OPTIMIZATION_LEVEL = 0;
				GCC_PREPROCESSOR_DEFINITIONS = (
					"DEBUG=1",
					"$(inherited)",
				);
				GCC_WARN_64_TO_32_BIT_CONVERSION = YES;
				GCC_WARN_ABOUT_RETURN_TYPE = YES_ERROR;
				GCC_WARN_UNDECLARED_SELECTOR = YES;
				GCC_WARN_UNINITIALIZED_AUTOS = YES_AGGRESSIVE;
				GCC_WARN_UNUSED_FUNCTION = YES;
				GCC_WARN_UNUSED_VARIABLE = YES;
				IPHONEOS_DEPLOYMENT_TARGET = 14.4;
				MTL_ENABLE_DEBUG_INFO = INCLUDE_SOURCE;
				MTL_FAST_MATH = YES;
				ONLY_ACTIVE_ARCH = YES;
				SDKROOT = iphoneos;
				SWIFT_ACTIVE_COMPILATION_CONDITIONS = DEBUG;
				SWIFT_OPTIMIZATION_LEVEL = "-Onone";
			};
			name = Debug;
		};
		D5A4D5DC260B91F100C7F847 /* Release */ = {
			isa = XCBuildConfiguration;
			buildSettings = {
				ALWAYS_SEARCH_USER_PATHS = NO;
				CLANG_ANALYZER_NONNULL = YES;
				CLANG_ANALYZER_NUMBER_OBJECT_CONVERSION = YES_AGGRESSIVE;
				CLANG_CXX_LANGUAGE_STANDARD = "gnu++14";
				CLANG_CXX_LIBRARY = "libc++";
				CLANG_ENABLE_MODULES = YES;
				CLANG_ENABLE_OBJC_ARC = YES;
				CLANG_ENABLE_OBJC_WEAK = YES;
				CLANG_WARN_BLOCK_CAPTURE_AUTORELEASING = YES;
				CLANG_WARN_BOOL_CONVERSION = YES;
				CLANG_WARN_COMMA = YES;
				CLANG_WARN_CONSTANT_CONVERSION = YES;
				CLANG_WARN_DEPRECATED_OBJC_IMPLEMENTATIONS = YES;
				CLANG_WARN_DIRECT_OBJC_ISA_USAGE = YES_ERROR;
				CLANG_WARN_DOCUMENTATION_COMMENTS = YES;
				CLANG_WARN_EMPTY_BODY = YES;
				CLANG_WARN_ENUM_CONVERSION = YES;
				CLANG_WARN_INFINITE_RECURSION = YES;
				CLANG_WARN_INT_CONVERSION = YES;
				CLANG_WARN_NON_LITERAL_NULL_CONVERSION = YES;
				CLANG_WARN_OBJC_IMPLICIT_RETAIN_SELF = YES;
				CLANG_WARN_OBJC_LITERAL_CONVERSION = YES;
				CLANG_WARN_OBJC_ROOT_CLASS = YES_ERROR;
				CLANG_WARN_QUOTED_INCLUDE_IN_FRAMEWORK_HEADER = YES;
				CLANG_WARN_RANGE_LOOP_ANALYSIS = YES;
				CLANG_WARN_STRICT_PROTOTYPES = YES;
				CLANG_WARN_SUSPICIOUS_MOVE = YES;
				CLANG_WARN_UNGUARDED_AVAILABILITY = YES_AGGRESSIVE;
				CLANG_WARN_UNREACHABLE_CODE = YES;
				CLANG_WARN__DUPLICATE_METHOD_MATCH = YES;
				COPY_PHASE_STRIP = NO;
				DEBUG_INFORMATION_FORMAT = "dwarf-with-dsym";
				ENABLE_NS_ASSERTIONS = NO;
				ENABLE_STRICT_OBJC_MSGSEND = YES;
				GCC_C_LANGUAGE_STANDARD = gnu11;
				GCC_NO_COMMON_BLOCKS = YES;
				GCC_WARN_64_TO_32_BIT_CONVERSION = YES;
				GCC_WARN_ABOUT_RETURN_TYPE = YES_ERROR;
				GCC_WARN_UNDECLARED_SELECTOR = YES;
				GCC_WARN_UNINITIALIZED_AUTOS = YES_AGGRESSIVE;
				GCC_WARN_UNUSED_FUNCTION = YES;
				GCC_WARN_UNUSED_VARIABLE = YES;
				IPHONEOS_DEPLOYMENT_TARGET = 14.4;
				MTL_ENABLE_DEBUG_INFO = NO;
				MTL_FAST_MATH = YES;
				SDKROOT = iphoneos;
				SWIFT_COMPILATION_MODE = wholemodule;
				SWIFT_OPTIMIZATION_LEVEL = "-O";
				VALIDATE_PRODUCT = YES;
			};
			name = Release;
		};
		D5A4D5DE260B91F100C7F847 /* Debug */ = {
			isa = XCBuildConfiguration;
			baseConfigurationReference = E8A3902191C687AA15AB20CC /* Pods-HeartRateWithBluetooth.debug.xcconfig */;
			buildSettings = {
				ASSETCATALOG_COMPILER_APPICON_NAME = AppIcon;
				ASSETCATALOG_COMPILER_GLOBAL_ACCENT_COLOR_NAME = AccentColor;
				CODE_SIGN_STYLE = Automatic;
				DEVELOPMENT_TEAM = UJLV2F74LA;
				INFOPLIST_FILE = HeartRateWithBluetooth/Info.plist;
				IPHONEOS_DEPLOYMENT_TARGET = 13.0;
				LD_RUNPATH_SEARCH_PATHS = (
					"$(inherited)",
					"@executable_path/Frameworks",
				);
				PRODUCT_BUNDLE_IDENTIFIER = Sega.animation;
				PRODUCT_NAME = "$(TARGET_NAME)";
				SWIFT_VERSION = 5.0;
				TARGETED_DEVICE_FAMILY = "1,2";
			};
			name = Debug;
		};
		D5A4D5DF260B91F100C7F847 /* Release */ = {
			isa = XCBuildConfiguration;
			baseConfigurationReference = 80149B8A759B5B9938C2A747 /* Pods-HeartRateWithBluetooth.release.xcconfig */;
			buildSettings = {
				ASSETCATALOG_COMPILER_APPICON_NAME = AppIcon;
				ASSETCATALOG_COMPILER_GLOBAL_ACCENT_COLOR_NAME = AccentColor;
				CODE_SIGN_STYLE = Automatic;
				DEVELOPMENT_TEAM = UJLV2F74LA;
				INFOPLIST_FILE = HeartRateWithBluetooth/Info.plist;
				IPHONEOS_DEPLOYMENT_TARGET = 13.0;
				LD_RUNPATH_SEARCH_PATHS = (
					"$(inherited)",
					"@executable_path/Frameworks",
				);
				PRODUCT_BUNDLE_IDENTIFIER = Sega.animation;
				PRODUCT_NAME = "$(TARGET_NAME)";
				SWIFT_VERSION = 5.0;
				TARGETED_DEVICE_FAMILY = "1,2";
			};
			name = Release;
		};
/* End XCBuildConfiguration section */

/* Begin XCConfigurationList section */
		D5A4D5C4260B91ED00C7F847 /* Build configuration list for PBXProject "HeartRateWithBluetooth" */ = {
			isa = XCConfigurationList;
			buildConfigurations = (
				D5A4D5DB260B91F100C7F847 /* Debug */,
				D5A4D5DC260B91F100C7F847 /* Release */,
			);
			defaultConfigurationIsVisible = 0;
			defaultConfigurationName = Release;
		};
		D5A4D5DD260B91F100C7F847 /* Build configuration list for PBXNativeTarget "HeartRateWithBluetooth" */ = {
			isa = XCConfigurationList;
			buildConfigurations = (
				D5A4D5DE260B91F100C7F847 /* Debug */,
				D5A4D5DF260B91F100C7F847 /* Release */,
			);
			defaultConfigurationIsVisible = 0;
			defaultConfigurationName = Release;
		};
/* End XCConfigurationList section */
	};
	rootObject = D5A4D5C1260B91ED00C7F847 /* Project object */;
}
